// !$*UTF8*$!
{
	archiveVersion = 1;
	classes = {
	};
	objectVersion = 77;
	objects = {

/* Begin PBXBuildFile section */
		21E8C65232FD9539CB4A85C3 /* AppState.swift in Sources */ = {isa = PBXBuildFile; fileRef = F0C4AEEEF52BDD516527EBC1 /* AppState.swift */; };
		2504BDB7F289C540ED43378D /* ContentView.swift in Sources */ = {isa = PBXBuildFile; fileRef = 3333F478F177A5F2CDD7251D /* ContentView.swift */; };
		2CBB3C84591604591B20F7FC /* AppCoordinator.swift in Sources */ = {isa = PBXBuildFile; fileRef = 9BF92BBC0610A056897F7F3B /* AppCoordinator.swift */; };
		688108F5D797340898151336 /* AudioManager.swift in Sources */ = {isa = PBXBuildFile; fileRef = B02B427481DF01F744D36252 /* AudioManager.swift */; };
		7ED43A3C727A537360794509 /* WebSocketManager.swift in Sources */ = {isa = PBXBuildFile; fileRef = 136EB881F2A4168004CA14EC /* WebSocketManager.swift */; };
		89EC135B0D57B2B9C6EEF3A2 /* Assets.xcassets in Resources */ = {isa = PBXBuildFile; fileRef = BF0F53D7BCBC05F5CD16FC43 /* Assets.xcassets */; };
		B4C3AEE70A35177E1FF4EE2E /* WakeWordManager.swift in Sources */ = {isa = PBXBuildFile; fileRef = E572A2DD25E6C327A1824861 /* WakeWordManager.swift */; };
		BA5B59368B96738D65955891 /* HALApp.swift in Sources */ = {isa = PBXBuildFile; fileRef = 1D4D5872F4C966F92D211B8E /* HALApp.swift */; };
		D6209BB6921ED6819901F953 /* PermissionsManager.swift in Sources */ = {isa = PBXBuildFile; fileRef = 26032FD94EC03CB1DE384530 /* PermissionsManager.swift */; };
/* End PBXBuildFile section */

/* Begin PBXFileReference section */
		136EB881F2A4168004CA14EC /* WebSocketManager.swift */ = {isa = PBXFileReference; lastKnownFileType = sourcecode.swift; path = WebSocketManager.swift; sourceTree = "<group>"; };
		1D4D5872F4C966F92D211B8E /* HALApp.swift */ = {isa = PBXFileReference; lastKnownFileType = sourcecode.swift; path = HALApp.swift; sourceTree = "<group>"; };
		26032FD94EC03CB1DE384530 /* PermissionsManager.swift */ = {isa = PBXFileReference; lastKnownFileType = sourcecode.swift; path = PermissionsManager.swift; sourceTree = "<group>"; };
		3333F478F177A5F2CDD7251D /* ContentView.swift */ = {isa = PBXFileReference; lastKnownFileType = sourcecode.swift; path = ContentView.swift; sourceTree = "<group>"; };
		9BF92BBC0610A056897F7F3B /* AppCoordinator.swift */ = {isa = PBXFileReference; lastKnownFileType = sourcecode.swift; path = AppCoordinator.swift; sourceTree = "<group>"; };
		B02B427481DF01F744D36252 /* AudioManager.swift */ = {isa = PBXFileReference; lastKnownFileType = sourcecode.swift; path = AudioManager.swift; sourceTree = "<group>"; };
		BF0F53D7BCBC05F5CD16FC43 /* Assets.xcassets */ = {isa = PBXFileReference; lastKnownFileType = folder.assetcatalog; path = Assets.xcassets; sourceTree = "<group>"; };
		C1F9A0C4D200411E37AB2835 /* HAL.app */ = {isa = PBXFileReference; includeInIndex = 0; lastKnownFileType = wrapper.application; path = HAL.app; sourceTree = BUILT_PRODUCTS_DIR; };
		E572A2DD25E6C327A1824861 /* WakeWordManager.swift */ = {isa = PBXFileReference; lastKnownFileType = sourcecode.swift; path = WakeWordManager.swift; sourceTree = "<group>"; };
		F0C4AEEEF52BDD516527EBC1 /* AppState.swift */ = {isa = PBXFileReference; lastKnownFileType = sourcecode.swift; path = AppState.swift; sourceTree = "<group>"; };
/* End PBXFileReference section */

/* Begin PBXGroup section */
		3A34EE3D74D29B83604C41CC /* Products */ = {
			isa = PBXGroup;
			children = (
				C1F9A0C4D200411E37AB2835 /* HAL.app */,
			);
			name = Products;
			sourceTree = "<group>";
		};
		9CCBC7835C043A05277C6F78 = {
			isa = PBXGroup;
			children = (
				9BF92BBC0610A056897F7F3B /* AppCoordinator.swift */,
				F0C4AEEEF52BDD516527EBC1 /* AppState.swift */,
				BF0F53D7BCBC05F5CD16FC43 /* Assets.xcassets */,
				B02B427481DF01F744D36252 /* AudioManager.swift */,
				3333F478F177A5F2CDD7251D /* ContentView.swift */,
				1D4D5872F4C966F92D211B8E /* HALApp.swift */,
				26032FD94EC03CB1DE384530 /* PermissionsManager.swift */,
				E572A2DD25E6C327A1824861 /* WakeWordManager.swift */,
				136EB881F2A4168004CA14EC /* WebSocketManager.swift */,
				3A34EE3D74D29B83604C41CC /* Products */,
			);
			sourceTree = "<group>";
		};
/* End PBXGroup section */

/* Begin PBXNativeTarget section */
		B4C860459F3AEE1D19EAAB0C /* HAL */ = {
			isa = PBXNativeTarget;
			buildConfigurationList = 5F68DDF0E21DE90A25F1C820 /* Build configuration list for PBXNativeTarget "HAL" */;
			buildPhases = (
				89AD013B752B0FE084EA6E30 /* Sources */,
				5C732BAC924112A3D404F4E5 /* Resources */,
			);
			buildRules = (
			);
			dependencies = (
			);
			name = HAL;
			packageProductDependencies = (
			);
			productName = HAL;
			productReference = C1F9A0C4D200411E37AB2835 /* HAL.app */;
			productType = "com.apple.product-type.application";
		};
/* End PBXNativeTarget section */

/* Begin PBXProject section */
		00346BF7941C24C52C4FAD3B /* Project object */ = {
			isa = PBXProject;
			attributes = {
				BuildIndependentTargetsInParallel = YES;
				LastUpgradeCheck = 1430;
				TargetAttributes = {
					B4C860459F3AEE1D19EAAB0C = {
						DevelopmentTeam = BSGY6N2M8X;
						ProvisioningStyle = Automatic;
					};
				};
			};
			buildConfigurationList = E264E2720B839D9B0B49AADC /* Build configuration list for PBXProject "HAL" */;
			developmentRegion = en;
			hasScannedForEncodings = 0;
			knownRegions = (
				Base,
				en,
			);
			mainGroup = 9CCBC7835C043A05277C6F78;
			minimizedProjectReferenceProxies = 1;
			preferredProjectObjectVersion = 77;
			productRefGroup = 3A34EE3D74D29B83604C41CC /* Products */;
			projectDirPath = "";
			projectRoot = "";
			targets = (
				B4C860459F3AEE1D19EAAB0C /* HAL */,
			);
		};
/* End PBXProject section */

/* Begin PBXResourcesBuildPhase section */
		5C732BAC924112A3D404F4E5 /* Resources */ = {
			isa = PBXResourcesBuildPhase;
			buildActionMask = 2147483647;
			files = (
				89EC135B0D57B2B9C6EEF3A2 /* Assets.xcassets in Resources */,
			);
			runOnlyForDeploymentPostprocessing = 0;
		};
/* End PBXResourcesBuildPhase section */

/* Begin PBXSourcesBuildPhase section */
		89AD013B752B0FE084EA6E30 /* Sources */ = {
			isa = PBXSourcesBuildPhase;
			buildActionMask = 2147483647;
			files = (
				2CBB3C84591604591B20F7FC /* AppCoordinator.swift in Sources */,
				21E8C65232FD9539CB4A85C3 /* AppState.swift in Sources */,
				688108F5D797340898151336 /* AudioManager.swift in Sources */,
				2504BDB7F289C540ED43378D /* ContentView.swift in Sources */,
				BA5B59368B96738D65955891 /* HALApp.swift in Sources */,
				D6209BB6921ED6819901F953 /* PermissionsManager.swift in Sources */,
				B4C3AEE70A35177E1FF4EE2E /* WakeWordManager.swift in Sources */,
				7ED43A3C727A537360794509 /* WebSocketManager.swift in Sources */,
			);
			runOnlyForDeploymentPostprocessing = 0;
		};
/* End PBXSourcesBuildPhase section */

/* Begin XCBuildConfiguration section */
		3054A424885BDF9D688083F7 /* Debug */ = {
			isa = XCBuildConfiguration;
			buildSettings = {
				ALWAYS_SEARCH_USER_PATHS = NO;
				CLANG_ANALYZER_NONNULL = YES;
				CLANG_ANALYZER_NUMBER_OBJECT_CONVERSION = YES_AGGRESSIVE;
				CLANG_CXX_LANGUAGE_STANDARD = "gnu++14";
				CLANG_CXX_LIBRARY = "libc++";
				CLANG_ENABLE_MODULES = YES;
				CLANG_ENABLE_OBJC_ARC = YES;
				CLANG_ENABLE_OBJC_WEAK = YES;
				CLANG_WARN_BLOCK_CAPTURE_AUTORELEASING = YES;
				CLANG_WARN_BOOL_CONVERSION = YES;
				CLANG_WARN_COMMA = YES;
				CLANG_WARN_CONSTANT_CONVERSION = YES;
				CLANG_WARN_DEPRECATED_OBJC_IMPLEMENTATIONS = YES;
				CLANG_WARN_DIRECT_OBJC_ISA_USAGE = YES_ERROR;
				CLANG_WARN_DOCUMENTATION_COMMENTS = YES;
				CLANG_WARN_EMPTY_BODY = YES;
				CLANG_WARN_ENUM_CONVERSION = YES;
				CLANG_WARN_INFINITE_RECURSION = YES;
				CLANG_WARN_INT_CONVERSION = YES;
				CLANG_WARN_NON_LITERAL_NULL_CONVERSION = YES;
				CLANG_WARN_OBJC_IMPLICIT_RETAIN_SELF = YES;
				CLANG_WARN_OBJC_LITERAL_CONVERSION = YES;
				CLANG_WARN_OBJC_ROOT_CLASS = YES_ERROR;
				CLANG_WARN_QUOTED_INCLUDE_IN_FRAMEWORK_HEADER = YES;
				CLANG_WARN_RANGE_LOOP_ANALYSIS = YES;
				CLANG_WARN_STRICT_PROTOTYPES = YES;
				CLANG_WARN_SUSPICIOUS_MOVE = YES;
				CLANG_WARN_UNGUARDED_AVAILABILITY = YES_AGGRESSIVE;
				CLANG_WARN_UNREACHABLE_CODE = YES;
				CLANG_WARN__DUPLICATE_METHOD_MATCH = YES;
				COPY_PHASE_STRIP = NO;
				DEBUG_INFORMATION_FORMAT = dwarf;
				ENABLE_STRICT_OBJC_MSGSEND = YES;
				ENABLE_TESTABILITY = YES;
				GCC_C_LANGUAGE_STANDARD = gnu11;
				GCC_DYNAMIC_NO_PIC = NO;
				GCC_NO_COMMON_BLOCKS = YES;
				GCC_OPTIMIZATION_LEVEL = 0;
				GCC_PREPROCESSOR_DEFINITIONS = (
					"$(inherited)",
					"DEBUG=1",
				);
				GCC_WARN_64_TO_32_BIT_CONVERSION = YES;
				GCC_WARN_ABOUT_RETURN_TYPE = YES_ERROR;
				GCC_WARN_UNDECLARED_SELECTOR = YES;
				GCC_WARN_UNINITIALIZED_AUTOS = YES_AGGRESSIVE;
				GCC_WARN_UNUSED_FUNCTION = YES;
				GCC_WARN_UNUSED_VARIABLE = YES;
				MTL_ENABLE_DEBUG_INFO = INCLUDE_SOURCE;
				MTL_FAST_MATH = YES;
				ONLY_ACTIVE_ARCH = YES;
				PRODUCT_NAME = "$(TARGET_NAME)";
				SDKROOT = iphoneos;
				SWIFT_ACTIVE_COMPILATION_CONDITIONS = DEBUG;
				SWIFT_OPTIMIZATION_LEVEL = "-Onone";
				SWIFT_VERSION = 5.0;
			};
			name = Debug;
		};
		73DB52C48A1CACBB65EC25CC /* Release */ = {
			isa = XCBuildConfiguration;
			buildSettings = {
				ALWAYS_SEARCH_USER_PATHS = NO;
				CLANG_ANALYZER_NONNULL = YES;
				CLANG_ANALYZER_NUMBER_OBJECT_CONVERSION = YES_AGGRESSIVE;
				CLANG_CXX_LANGUAGE_STANDARD = "gnu++14";
				CLANG_CXX_LIBRARY = "libc++";
				CLANG_ENABLE_MODULES = YES;
				CLANG_ENABLE_OBJC_ARC = YES;
				CLANG_ENABLE_OBJC_WEAK = YES;
				CLANG_WARN_BLOCK_CAPTURE_AUTORELEASING = YES;
				CLANG_WARN_BOOL_CONVERSION = YES;
				CLANG_WARN_COMMA = YES;
				CLANG_WARN_CONSTANT_CONVERSION = YES;
				CLANG_WARN_DEPRECATED_OBJC_IMPLEMENTATIONS = YES;
				CLANG_WARN_DIRECT_OBJC_ISA_USAGE = YES_ERROR;
				CLANG_WARN_DOCUMENTATION_COMMENTS = YES;
				CLANG_WARN_EMPTY_BODY = YES;
				CLANG_WARN_ENUM_CONVERSION = YES;
				CLANG_WARN_INFINITE_RECURSION = YES;
				CLANG_WARN_INT_CONVERSION = YES;
				CLANG_WARN_NON_LITERAL_NULL_CONVERSION = YES;
				CLANG_WARN_OBJC_IMPLICIT_RETAIN_SELF = YES;
				CLANG_WARN_OBJC_LITERAL_CONVERSION = YES;
				CLANG_WARN_OBJC_ROOT_CLASS = YES_ERROR;
				CLANG_WARN_QUOTED_INCLUDE_IN_FRAMEWORK_HEADER = YES;
				CLANG_WARN_RANGE_LOOP_ANALYSIS = YES;
				CLANG_WARN_STRICT_PROTOTYPES = YES;
				CLANG_WARN_SUSPICIOUS_MOVE = YES;
				CLANG_WARN_UNGUARDED_AVAILABILITY = YES_AGGRESSIVE;
				CLANG_WARN_UNREACHABLE_CODE = YES;
				CLANG_WARN__DUPLICATE_METHOD_MATCH = YES;
				COPY_PHASE_STRIP = NO;
				DEBUG_INFORMATION_FORMAT = "dwarf-with-dsym";
				ENABLE_NS_ASSERTIONS = NO;
				ENABLE_STRICT_OBJC_MSGSEND = YES;
				GCC_C_LANGUAGE_STANDARD = gnu11;
				GCC_NO_COMMON_BLOCKS = YES;
				GCC_WARN_64_TO_32_BIT_CONVERSION = YES;
				GCC_WARN_ABOUT_RETURN_TYPE = YES_ERROR;
				GCC_WARN_UNDECLARED_SELECTOR = YES;
				GCC_WARN_UNINITIALIZED_AUTOS = YES_AGGRESSIVE;
				GCC_WARN_UNUSED_FUNCTION = YES;
				GCC_WARN_UNUSED_VARIABLE = YES;
				MTL_ENABLE_DEBUG_INFO = NO;
				MTL_FAST_MATH = YES;
				PRODUCT_NAME = "$(TARGET_NAME)";
				SDKROOT = iphoneos;
				SWIFT_COMPILATION_MODE = wholemodule;
				SWIFT_OPTIMIZATION_LEVEL = "-O";
				SWIFT_VERSION = 5.0;
			};
			name = Release;
		};
		E037C6E44ECDF1BA22060464 /* Release */ = {
			isa = XCBuildConfiguration;
			buildSettings = {
				ASSETCATALOG_COMPILER_APPICON_NAME = AppIcon;
				CODE_SIGN_IDENTITY = "iPhone Developer";
				CODE_SIGN_STYLE = Automatic;
				CURRENT_PROJECT_VERSION = 1;
				DEVELOPMENT_TEAM = BSGY6N2M8X;
				GENERATE_INFOPLIST_FILE = YES;
				INFOPLIST_KEY_NSAppTransportSecurity = "[\"NSAllowsArbitraryLoads\": true]";
				INFOPLIST_KEY_NSCameraUsageDescription = "HAL needs camera access for vision interaction.";
				INFOPLIST_KEY_NSMicrophoneUsageDescription = "HAL needs microphone access for wake word detection and voice interaction.";
				INFOPLIST_KEY_NSSpeechRecognitionUsageDescription = "HAL needs speech recognition access to detect the wake word 'HAL'.";
				INFOPLIST_KEY_UIApplicationSceneManifest_Generation = YES;
				INFOPLIST_KEY_UIApplicationSupportsIndirectInputEvents = YES;
				INFOPLIST_KEY_UILaunchScreen_Generation = YES;
				INFOPLIST_KEY_UISupportedInterfaceOrientations_iPhone = UIInterfaceOrientationPortrait;
				IPHONEOS_DEPLOYMENT_TARGET = 17.0;
				LD_RUNPATH_SEARCH_PATHS = (
					"$(inherited)",
					"@executable_path/Frameworks",
				);
				MARKETING_VERSION = 1.0;
				PRODUCT_BUNDLE_IDENTIFIER = com.hal9000.HAL;
				SDKROOT = iphoneos;
				TARGETED_DEVICE_FAMILY = "1,2";
			};
			name = Release;
		};
		FCEB52292028448842E026C3 /* Debug */ = {
			isa = XCBuildConfiguration;
			buildSettings = {
				ASSETCATALOG_COMPILER_APPICON_NAME = AppIcon;
				CODE_SIGN_IDENTITY = "iPhone Developer";
				CODE_SIGN_STYLE = Automatic;
				CURRENT_PROJECT_VERSION = 1;
				DEVELOPMENT_TEAM = BSGY6N2M8X;
				GENERATE_INFOPLIST_FILE = YES;
				INFOPLIST_KEY_NSAppTransportSecurity = "[\"NSAllowsArbitraryLoads\": true]";
				INFOPLIST_KEY_NSCameraUsageDescription = "HAL needs camera access for vision interaction.";
				INFOPLIST_KEY_NSMicrophoneUsageDescription = "HAL needs microphone access for wake word detection and voice interaction.";
				INFOPLIST_KEY_NSSpeechRecognitionUsageDescription = "HAL needs speech recognition access to detect the wake word 'HAL'.";
				INFOPLIST_KEY_UIApplicationSceneManifest_Generation = YES;
				INFOPLIST_KEY_UIApplicationSupportsIndirectInputEvents = YES;
				INFOPLIST_KEY_UILaunchScreen_Generation = YES;
				INFOPLIST_KEY_UISupportedInterfaceOrientations_iPhone = UIInterfaceOrientationPortrait;
				IPHONEOS_DEPLOYMENT_TARGET = 17.0;
				LD_RUNPATH_SEARCH_PATHS = (
					"$(inherited)",
					"@executable_path/Frameworks",
				);
				MARKETING_VERSION = 1.0;
				PRODUCT_BUNDLE_IDENTIFIER = com.hal9000.HAL;
				SDKROOT = iphoneos;
				TARGETED_DEVICE_FAMILY = "1,2";
			};
			name = Debug;
		};
/* End XCBuildConfiguration section */

/* Begin XCConfigurationList section */
		5F68DDF0E21DE90A25F1C820 /* Build configuration list for PBXNativeTarget "HAL" */ = {
			isa = XCConfigurationList;
			buildConfigurations = (
				FCEB52292028448842E026C3 /* Debug */,
				E037C6E44ECDF1BA22060464 /* Release */,
			);
			defaultConfigurationIsVisible = 0;
			defaultConfigurationName = Debug;
		};
		E264E2720B839D9B0B49AADC /* Build configuration list for PBXProject "HAL" */ = {
			isa = XCConfigurationList;
			buildConfigurations = (
				3054A424885BDF9D688083F7 /* Debug */,
				73DB52C48A1CACBB65EC25CC /* Release */,
			);
			defaultConfigurationIsVisible = 0;
			defaultConfigurationName = Debug;
		};
/* End XCConfigurationList section */
	};
	rootObject = 00346BF7941C24C52C4FAD3B /* Project object */;
}
